
Microsoft Visual Studio Solution File, Format Version 12.00
# Visual Studio Version 17
VisualStudioVersion = 17.13.35828.75
MinimumVisualStudioVersion = 10.0.40219.1
Project("{FAE04EC0-301F-11D3-BF4B-00C04F79EFBC}") = "Portfolio.WebApi", "Portfolio\Portfolio.WebApi.csproj", "{EC938733-EE24-463B-8CC5-9E940A604CFE}"
EndProject
Project("{FAE04EC0-301F-11D3-BF4B-00C04F79EFBC}") = "Portfolio.Core", "Core\Portfolio.Core.csproj", "{44AD99DF-DE95-42E8-93E1-5842B5FF78BE}"
EndProject
Project("{FAE04EC0-301F-11D3-BF4B-00C04F79EFBC}") = "Portfolio.Application", "Application\Portfolio.Application.csproj", "{F449DD9E-E964-4306-9A43-7A68DC2F0A4A}"
EndProject
Project("{FAE04EC0-301F-11D3-BF4B-00C04F79EFBC}") = "Portfolio.Infrastructure", "Infrastructure\Portfolio.Infrastructure.csproj", "{6C52818A-374E-4C9A-BBAB-69DFF2FAC0A1}"
EndProject
Project("{FAE04EC0-301F-11D3-BF4B-00C04F79EFBC}") = "Portfolio.Tests", "Tests\Portfolio.Tests.csproj", "{06A35BFD-B705-4C59-9A16-EA0F4F7B4154}"
EndProject
Global
	GlobalSection(SolutionConfigurationPlatforms) = preSolution
		Debug|Any CPU = Debug|Any CPU
		Release|Any CPU = Release|Any CPU
	EndGlobalSection
	GlobalSection(ProjectConfigurationPlatforms) = postSolution
		{EC938733-EE24-463B-8CC5-9E940A604CFE}.Debug|Any CPU.ActiveCfg = Debug|Any CPU
		{EC938733-EE24-463B-8CC5-9E940A604CFE}.Debug|Any CPU.Build.0 = Debug|Any CPU
		{EC938733-EE24-463B-8CC5-9E940A604CFE}.Release|Any CPU.ActiveCfg = Release|Any CPU
		{EC938733-EE24-463B-8CC5-9E940A604CFE}.Release|Any CPU.Build.0 = Release|Any CPU
		{44AD99DF-DE95-42E8-93E1-5842B5FF78BE}.Debug|Any CPU.ActiveCfg = Debug|Any CPU
		{44AD99DF-DE95-42E8-93E1-5842B5FF78BE}.Debug|Any CPU.Build.0 = Debug|Any CPU
		{44AD99DF-DE95-42E8-93E1-5842B5FF78BE}.Release|Any CPU.ActiveCfg = Release|Any CPU
		{44AD99DF-DE95-42E8-93E1-5842B5FF78BE}.Release|Any CPU.Build.0 = Release|Any CPU
		{F449DD9E-E964-4306-9A43-7A68DC2F0A4A}.Debug|Any CPU.ActiveCfg = Debug|Any CPU
		{F449DD9E-E964-4306-9A43-7A68DC2F0A4A}.Debug|Any CPU.Build.0 = Debug|Any CPU
		{F449DD9E-E964-4306-9A43-7A68DC2F0A4A}.Release|Any CPU.ActiveCfg = Release|Any CPU
		{F449DD9E-E964-4306-9A43-7A68DC2F0A4A}.Release|Any CPU.Build.0 = Release|Any CPU
		{6C52818A-374E-4C9A-BBAB-69DFF2FAC0A1}.Debug|Any CPU.ActiveCfg = Debug|Any CPU
		{6C52818A-374E-4C9A-BBAB-69DFF2FAC0A1}.Debug|Any CPU.Build.0 = Debug|Any CPU
		{6C52818A-374E-4C9A-BBAB-69DFF2FAC0A1}.Release|Any CPU.ActiveCfg = Release|Any CPU
		{6C52818A-374E-4C9A-BBAB-69DFF2FAC0A1}.Release|Any CPU.Build.0 = Release|Any CPU
		{06A35BFD-B705-4C59-9A16-EA0F4F7B4154}.Debug|Any CPU.ActiveCfg = Debug|Any CPU
		{06A35BFD-B705-4C59-9A16-EA0F4F7B4154}.Debug|Any CPU.Build.0 = Debug|Any CPU
		{06A35BFD-B705-4C59-9A16-EA0F4F7B4154}.Release|Any CPU.ActiveCfg = Release|Any CPU
		{06A35BFD-B705-4C59-9A16-EA0F4F7B4154}.Release|Any CPU.Build.0 = Release|Any CPU
	EndGlobalSection
	GlobalSection(SolutionProperties) = preSolution
		HideSolutionNode = FALSE
	EndGlobalSection
	GlobalSection(ExtensibilityGlobals) = postSolution
		SolutionGuid = {C15C41A8-D41E-41EC-AD6E-B96B571ADDCF}
	EndGlobalSection
EndGlobal
